github.com/RedBrickBurrito/golang-blockchain v0.0.0-20190713011212-afa5d0b0d1a8 h1:gE5IuhEZTa9efsUn1PyHHyWr8ojQPREItTwC+2i+OmY=
github.com/RedBrickburrito/golang-blockchain v0.0.0-20190713011212-afa5d0b0d1a8 h1:7mg3hJlW0Ya2Lc5Z6L7tfZsuNEEyiyx3jyJuElAnZyc=
github.com/Redbrickburrito/golang-blockchain v0.0.0-20190713011212-afa5d0b0d1a8 h1:svF/l1Dl9KP56ElwkkkYWK62PdVzvbGLHp9R50eIyyI=
github.com/redBrickBurrito/golang-blockchain v0.0.0-20190713011212-afa5d0b0d1a8 h1:ONzFAmwmjsxKJX019Nd0spAXPMMfhG6F8IXn9Buo/1o=
github.com/redbrickBurrito/golang-blockchain v0.0.0-20190713011212-afa5d0b0d1a8 h1:YocjSZOEvQi7mvSloWKjvKdHHmB5/raXKcq2s47I8pE=
github.com/redbrickburrito/golang-blockchain v0.0.0-20190713011212-afa5d0b0d1a8 h1:PTks9FUYMTm+5U9Lo1RhQ2i8WpqniCP23m8qGknsrwg=
